<?xml version="1.0" encoding="utf-8"?>
<Project ToolsVersion="4.0" xmlns="http://schemas.microsoft.com/developer/msbuild/2003">
  <ItemGroup>
    <Filter Include="Yatagarasu">
      <UniqueIdentifier>{F77085F0-E328-C73D-4C30-A0993807622E}</UniqueIdentifier>
    </Filter>
  </ItemGroup>
  <ItemGroup>
    <ClInclude Include="src\Yatagarasu.h" />
    <ClInclude Include="src\Yatagarasu\Application.h">
      <Filter>Yatagarasu</Filter>
    </ClInclude>
    <ClInclude Include="src\Yatagarasu\Core.h">
      <Filter>Yatagarasu</Filter>
    </ClInclude>
    <ClInclude Include="src\Yatagarasu\EntryPoint.h">
      <Filter>Yatagarasu</Filter>
    </ClInclude>
    <ClInclude Include="src\Yatagarasu\Log.h">
      <Filter>Yatagarasu</Filter>
    </ClInclude>
  </ItemGroup>
  <ItemGroup>
    <ClCompile Include="src\Yatagarasu\Application.cpp">
      <Filter>Yatagarasu</Filter>
    </ClCompile>
    <ClCompile Include="src\Yatagarasu\Log.cpp">
      <Filter>Yatagarasu</Filter>
    </ClCompile>
  </ItemGroup>
</Project>